// !$*UTF8*$!
{
	archiveVersion = 1;
	classes = {
	};
	objectVersion = 50;
	objects = {

/* Begin PBXBuildFile section */
		3323DFAB20874BAA004FF07E /* AppDelegate.m in Sources */ = {isa = PBXBuildFile; fileRef = 3323DFAA20874BAA004FF07E /* AppDelegate.m */; };
		3323DFAE20874BAA004FF07E /* ViewController.m in Sources */ = {isa = PBXBuildFile; fileRef = 3323DFAD20874BAA004FF07E /* ViewController.m */; };
		3323DFB120874BAA004FF07E /* Main.storyboard in Resources */ = {isa = PBXBuildFile; fileRef = 3323DFAF20874BAA004FF07E /* Main.storyboard */; };
		3323DFB320874BAE004FF07E /* Assets.xcassets in Resources */ = {isa = PBXBuildFile; fileRef = 3323DFB220874BAE004FF07E /* Assets.xcassets */; };
		3323DFB620874BAE004FF07E /* LaunchScreen.storyboard in Resources */ = {isa = PBXBuildFile; fileRef = 3323DFB420874BAE004FF07E /* LaunchScreen.storyboard */; };
		3323DFB920874BAE004FF07E /* main.m in Sources */ = {isa = PBXBuildFile; fileRef = 3323DFB820874BAE004FF07E /* main.m */; };
		3323DFC320874BAF004FF07E /* ChatTests.m in Sources */ = {isa = PBXBuildFile; fileRef = 3323DFC220874BAF004FF07E /* ChatTests.m */; };
		3323DFCE20874BAF004FF07E /* ChatUITests.m in Sources */ = {isa = PBXBuildFile; fileRef = 3323DFCD20874BAF004FF07E /* ChatUITests.m */; };
		332FAFC5208A275800F454C0 /* SignUpViewController.m in Sources */ = {isa = PBXBuildFile; fileRef = 332FAFC4208A275800F454C0 /* SignUpViewController.m */; };
		332FAFC8208A437F00F454C0 /* UIViewController+Spirent.m in Sources */ = {isa = PBXBuildFile; fileRef = 332FAFC7208A437F00F454C0 /* UIViewController+Spirent.m */; };
		332FAFDA208A50AF00F454C0 /* Singleton.m in Sources */ = {isa = PBXBuildFile; fileRef = 332FAFD9208A50AF00F454C0 /* Singleton.m */; };
		333A893D208A7E65007E8A03 /* SideViewController.m in Sources */ = {isa = PBXBuildFile; fileRef = 333A893B208A7E64007E8A03 /* SideViewController.m */; };
		333A8940208A7FDF007E8A03 /* SettingViewController.m in Sources */ = {isa = PBXBuildFile; fileRef = 333A893F208A7FDF007E8A03 /* SettingViewController.m */; };
		335FA9192089AEAA00625333 /* SocketSingleton.m in Sources */ = {isa = PBXBuildFile; fileRef = 335FA9182089AEAA00625333 /* SocketSingleton.m */; };
		337A0A0E2089AC1400B6B18B /* EntranceViewController.m in Sources */ = {isa = PBXBuildFile; fileRef = 337A0A0D2089AC1400B6B18B /* EntranceViewController.m */; };
		3396FB192087CBCE00FD160C /* UtilForDebug.m in Sources */ = {isa = PBXBuildFile; fileRef = 3396FB172087CBCE00FD160C /* UtilForDebug.m */; };
		33D702F0208AB56D00C9A441 /* LeaveMemberViewController.m in Sources */ = {isa = PBXBuildFile; fileRef = 33D702EF208AB56D00C9A441 /* LeaveMemberViewController.m */; };
		3BA21E8C3B78835F11A62ECC /* Pods_ChatTests.framework in Frameworks */ = {isa = PBXBuildFile; fileRef = 85C952144061F5ACDCE4F030 /* Pods_ChatTests.framework */; };
		AA55A3631E7774594B4BAE01 /* Pods_ChatUITests.framework in Frameworks */ = {isa = PBXBuildFile; fileRef = DE792293F28EACFFDEF59574 /* Pods_ChatUITests.framework */; };
		ED1AD4124E0CEA4A468996E3 /* Pods_Chat.framework in Frameworks */ = {isa = PBXBuildFile; fileRef = 3A7CC00902ABDCDA11D40FEB /* Pods_Chat.framework */; };
/* End PBXBuildFile section */

/* Begin PBXContainerItemProxy section */
		3323DFBF20874BAF004FF07E /* PBXContainerItemProxy */ = {
			isa = PBXContainerItemProxy;
			containerPortal = 3323DF9E20874BAA004FF07E /* Project object */;
			proxyType = 1;
			remoteGlobalIDString = 3323DFA520874BAA004FF07E;
			remoteInfo = Chat;
		};
		3323DFCA20874BAF004FF07E /* PBXContainerItemProxy */ = {
			isa = PBXContainerItemProxy;
			containerPortal = 3323DF9E20874BAA004FF07E /* Project object */;
			proxyType = 1;
			remoteGlobalIDString = 3323DFA520874BAA004FF07E;
			remoteInfo = Chat;
		};
/* End PBXContainerItemProxy section */

/* Begin PBXFileReference section */
		28F6F768D46D383DE495CC76 /* Pods-ChatTests.release.xcconfig */ = {isa = PBXFileReference; includeInIndex = 1; lastKnownFileType = text.xcconfig; name = "Pods-ChatTests.release.xcconfig"; path = "Pods/Target Support Files/Pods-ChatTests/Pods-ChatTests.release.xcconfig"; sourceTree = "<group>"; };
		3323DFA620874BAA004FF07E /* Chat.app */ = {isa = PBXFileReference; explicitFileType = wrapper.application; includeInIndex = 0; path = Chat.app; sourceTree = BUILT_PRODUCTS_DIR; };
		3323DFA920874BAA004FF07E /* AppDelegate.h */ = {isa = PBXFileReference; lastKnownFileType = sourcecode.c.h; path = AppDelegate.h; sourceTree = "<group>"; };
		3323DFAA20874BAA004FF07E /* AppDelegate.m */ = {isa = PBXFileReference; lastKnownFileType = sourcecode.c.objc; path = AppDelegate.m; sourceTree = "<group>"; };
		3323DFAD20874BAA004FF07E /* ViewController.m */ = {isa = PBXFileReference; lastKnownFileType = sourcecode.c.objc; path = ViewController.m; sourceTree = "<group>"; };
		3323DFB020874BAA004FF07E /* Base */ = {isa = PBXFileReference; lastKnownFileType = file.storyboard; name = Base; path = Base.lproj/Main.storyboard; sourceTree = "<group>"; };
		3323DFB220874BAE004FF07E /* Assets.xcassets */ = {isa = PBXFileReference; lastKnownFileType = folder.assetcatalog; path = Assets.xcassets; sourceTree = "<group>"; };
		3323DFB520874BAE004FF07E /* Base */ = {isa = PBXFileReference; lastKnownFileType = file.storyboard; name = Base; path = Base.lproj/LaunchScreen.storyboard; sourceTree = "<group>"; };
		3323DFB720874BAE004FF07E /* Info.plist */ = {isa = PBXFileReference; lastKnownFileType = text.plist.xml; path = Info.plist; sourceTree = "<group>"; };
		3323DFB820874BAE004FF07E /* main.m */ = {isa = PBXFileReference; lastKnownFileType = sourcecode.c.objc; path = main.m; sourceTree = "<group>"; };
		3323DFBE20874BAF004FF07E /* ChatTests.xctest */ = {isa = PBXFileReference; explicitFileType = wrapper.cfbundle; includeInIndex = 0; path = ChatTests.xctest; sourceTree = BUILT_PRODUCTS_DIR; };
		3323DFC220874BAF004FF07E /* ChatTests.m */ = {isa = PBXFileReference; lastKnownFileType = sourcecode.c.objc; path = ChatTests.m; sourceTree = "<group>"; };
		3323DFC420874BAF004FF07E /* Info.plist */ = {isa = PBXFileReference; lastKnownFileType = text.plist.xml; path = Info.plist; sourceTree = "<group>"; };
		3323DFC920874BAF004FF07E /* ChatUITests.xctest */ = {isa = PBXFileReference; explicitFileType = wrapper.cfbundle; includeInIndex = 0; path = ChatUITests.xctest; sourceTree = BUILT_PRODUCTS_DIR; };
		3323DFCD20874BAF004FF07E /* ChatUITests.m */ = {isa = PBXFileReference; lastKnownFileType = sourcecode.c.objc; path = ChatUITests.m; sourceTree = "<group>"; };
		3323DFCF20874BAF004FF07E /* Info.plist */ = {isa = PBXFileReference; lastKnownFileType = text.plist.xml; path = Info.plist; sourceTree = "<group>"; };
		3323DFDB20874CA8004FF07E /* Chat-Bridging-Header.h */ = {isa = PBXFileReference; lastKnownFileType = sourcecode.c.h; path = "Chat-Bridging-Header.h"; sourceTree = "<group>"; };
		332FAFC3208A275800F454C0 /* SignUpViewController.h */ = {isa = PBXFileReference; lastKnownFileType = sourcecode.c.h; path = SignUpViewController.h; sourceTree = "<group>"; };
		332FAFC4208A275800F454C0 /* SignUpViewController.m */ = {isa = PBXFileReference; lastKnownFileType = sourcecode.c.objc; path = SignUpViewController.m; sourceTree = "<group>"; };
		332FAFC6208A437F00F454C0 /* UIViewController+Spirent.h */ = {isa = PBXFileReference; lastKnownFileType = sourcecode.c.h; path = "UIViewController+Spirent.h"; sourceTree = "<group>"; };
		332FAFC7208A437F00F454C0 /* UIViewController+Spirent.m */ = {isa = PBXFileReference; lastKnownFileType = sourcecode.c.objc; path = "UIViewController+Spirent.m"; sourceTree = "<group>"; };
		332FAFC9208A447B00F454C0 /* DefineString.h */ = {isa = PBXFileReference; lastKnownFileType = sourcecode.c.h; path = DefineString.h; sourceTree = "<group>"; };
		332FAFD8208A50AF00F454C0 /* Singleton.h */ = {isa = PBXFileReference; lastKnownFileType = sourcecode.c.h; path = Singleton.h; sourceTree = "<group>"; };
		332FAFD9208A50AF00F454C0 /* Singleton.m */ = {isa = PBXFileReference; lastKnownFileType = sourcecode.c.objc; path = Singleton.m; sourceTree = "<group>"; };
		333A893B208A7E64007E8A03 /* SideViewController.m */ = {isa = PBXFileReference; fileEncoding = 4; lastKnownFileType = sourcecode.c.objc; path = SideViewController.m; sourceTree = "<group>"; };
		333A893C208A7E65007E8A03 /* SideViewController.h */ = {isa = PBXFileReference; fileEncoding = 4; lastKnownFileType = sourcecode.c.h; path = SideViewController.h; sourceTree = "<group>"; };
		333A893E208A7FDE007E8A03 /* SettingViewController.h */ = {isa = PBXFileReference; lastKnownFileType = sourcecode.c.h; path = SettingViewController.h; sourceTree = "<group>"; };
		333A893F208A7FDF007E8A03 /* SettingViewController.m */ = {isa = PBXFileReference; lastKnownFileType = sourcecode.c.objc; path = SettingViewController.m; sourceTree = "<group>"; };
		335FA9162089AE6100625333 /* ViewController.h */ = {isa = PBXFileReference; lastKnownFileType = sourcecode.c.h; path = ViewController.h; sourceTree = "<group>"; };
		335FA9172089AEAA00625333 /* SocketSingleton.h */ = {isa = PBXFileReference; lastKnownFileType = sourcecode.c.h; path = SocketSingleton.h; sourceTree = "<group>"; };
		335FA9182089AEAA00625333 /* SocketSingleton.m */ = {isa = PBXFileReference; lastKnownFileType = sourcecode.c.objc; path = SocketSingleton.m; sourceTree = "<group>"; };
		337A0A0C2089AC1400B6B18B /* EntranceViewController.h */ = {isa = PBXFileReference; lastKnownFileType = sourcecode.c.h; path = EntranceViewController.h; sourceTree = "<group>"; };
		337A0A0D2089AC1400B6B18B /* EntranceViewController.m */ = {isa = PBXFileReference; lastKnownFileType = sourcecode.c.objc; path = EntranceViewController.m; sourceTree = "<group>"; };
		3396FB132087CAEA00FD160C /* PrefixHeader.pch */ = {isa = PBXFileReference; lastKnownFileType = sourcecode.c.h; path = PrefixHeader.pch; sourceTree = "<group>"; };
		3396FB172087CBCE00FD160C /* UtilForDebug.m */ = {isa = PBXFileReference; fileEncoding = 4; lastKnownFileType = sourcecode.c.objc; path = UtilForDebug.m; sourceTree = "<group>"; };
		3396FB182087CBCE00FD160C /* UtilForDebug.h */ = {isa = PBXFileReference; fileEncoding = 4; lastKnownFileType = sourcecode.c.h; path = UtilForDebug.h; sourceTree = "<group>"; };
		33D702EB208AA8C000C9A441 /* SideViewController.m */ = {isa = PBXFileReference; fileEncoding = 4; lastKnownFileType = sourcecode.c.objc; path = SideViewController.m; sourceTree = "<group>"; };
		33D702EC208AA8C000C9A441 /* SideViewController.h */ = {isa = PBXFileReference; fileEncoding = 4; lastKnownFileType = sourcecode.c.h; path = SideViewController.h; sourceTree = "<group>"; };
		33D702EE208AB56D00C9A441 /* LeaveMemberViewController.h */ = {isa = PBXFileReference; lastKnownFileType = sourcecode.c.h; path = LeaveMemberViewController.h; sourceTree = "<group>"; };
		33D702EF208AB56D00C9A441 /* LeaveMemberViewController.m */ = {isa = PBXFileReference; lastKnownFileType = sourcecode.c.objc; path = LeaveMemberViewController.m; sourceTree = "<group>"; };
		365AFD3FC6D255250F5061D5 /* Pods-Chat.debug.xcconfig */ = {isa = PBXFileReference; includeInIndex = 1; lastKnownFileType = text.xcconfig; name = "Pods-Chat.debug.xcconfig"; path = "Pods/Target Support Files/Pods-Chat/Pods-Chat.debug.xcconfig"; sourceTree = "<group>"; };
		3A7CC00902ABDCDA11D40FEB /* Pods_Chat.framework */ = {isa = PBXFileReference; explicitFileType = wrapper.framework; includeInIndex = 0; path = Pods_Chat.framework; sourceTree = BUILT_PRODUCTS_DIR; };
		5502C6A53F0BB3D0584F8EBE /* Pods-ChatUITests.release.xcconfig */ = {isa = PBXFileReference; includeInIndex = 1; lastKnownFileType = text.xcconfig; name = "Pods-ChatUITests.release.xcconfig"; path = "Pods/Target Support Files/Pods-ChatUITests/Pods-ChatUITests.release.xcconfig"; sourceTree = "<group>"; };
		6BBFE3A834B9F799A8E67A1B /* Pods-ChatUITests.debug.xcconfig */ = {isa = PBXFileReference; includeInIndex = 1; lastKnownFileType = text.xcconfig; name = "Pods-ChatUITests.debug.xcconfig"; path = "Pods/Target Support Files/Pods-ChatUITests/Pods-ChatUITests.debug.xcconfig"; sourceTree = "<group>"; };
		85C952144061F5ACDCE4F030 /* Pods_ChatTests.framework */ = {isa = PBXFileReference; explicitFileType = wrapper.framework; includeInIndex = 0; path = Pods_ChatTests.framework; sourceTree = BUILT_PRODUCTS_DIR; };
		BE1804B7970E992C7DA1065E /* Pods-Chat.release.xcconfig */ = {isa = PBXFileReference; includeInIndex = 1; lastKnownFileType = text.xcconfig; name = "Pods-Chat.release.xcconfig"; path = "Pods/Target Support Files/Pods-Chat/Pods-Chat.release.xcconfig"; sourceTree = "<group>"; };
		D3504280D55EEA0795DDE195 /* Pods-ChatTests.debug.xcconfig */ = {isa = PBXFileReference; includeInIndex = 1; lastKnownFileType = text.xcconfig; name = "Pods-ChatTests.debug.xcconfig"; path = "Pods/Target Support Files/Pods-ChatTests/Pods-ChatTests.debug.xcconfig"; sourceTree = "<group>"; };
		DE792293F28EACFFDEF59574 /* Pods_ChatUITests.framework */ = {isa = PBXFileReference; explicitFileType = wrapper.framework; includeInIndex = 0; path = Pods_ChatUITests.framework; sourceTree = BUILT_PRODUCTS_DIR; };
/* End PBXFileReference section */

/* Begin PBXFrameworksBuildPhase section */
		3323DFA320874BAA004FF07E /* Frameworks */ = {
			isa = PBXFrameworksBuildPhase;
			buildActionMask = 2147483647;
			files = (
				ED1AD4124E0CEA4A468996E3 /* Pods_Chat.framework in Frameworks */,
			);
			runOnlyForDeploymentPostprocessing = 0;
		};
		3323DFBB20874BAF004FF07E /* Frameworks */ = {
			isa = PBXFrameworksBuildPhase;
			buildActionMask = 2147483647;
			files = (
				3BA21E8C3B78835F11A62ECC /* Pods_ChatTests.framework in Frameworks */,
			);
			runOnlyForDeploymentPostprocessing = 0;
		};
		3323DFC620874BAF004FF07E /* Frameworks */ = {
			isa = PBXFrameworksBuildPhase;
			buildActionMask = 2147483647;
			files = (
				AA55A3631E7774594B4BAE01 /* Pods_ChatUITests.framework in Frameworks */,
			);
			runOnlyForDeploymentPostprocessing = 0;
		};
/* End PBXFrameworksBuildPhase section */

/* Begin PBXGroup section */
		322ABEEC6348E3B75513FCFC /* Frameworks */ = {
			isa = PBXGroup;
			children = (
				3A7CC00902ABDCDA11D40FEB /* Pods_Chat.framework */,
				85C952144061F5ACDCE4F030 /* Pods_ChatTests.framework */,
				DE792293F28EACFFDEF59574 /* Pods_ChatUITests.framework */,
			);
			name = Frameworks;
			sourceTree = "<group>";
		};
		3323DF9D20874BAA004FF07E = {
			isa = PBXGroup;
			children = (
				3323DFA820874BAA004FF07E /* Chat */,
				3323DFC120874BAF004FF07E /* ChatTests */,
				3323DFCC20874BAF004FF07E /* ChatUITests */,
				3323DFA720874BAA004FF07E /* Products */,
				97D12B62D6BB01434E79EB93 /* Pods */,
				322ABEEC6348E3B75513FCFC /* Frameworks */,
			);
			sourceTree = "<group>";
		};
		3323DFA720874BAA004FF07E /* Products */ = {
			isa = PBXGroup;
			children = (
				3323DFA620874BAA004FF07E /* Chat.app */,
				3323DFBE20874BAF004FF07E /* ChatTests.xctest */,
				3323DFC920874BAF004FF07E /* ChatUITests.xctest */,
			);
			name = Products;
			sourceTree = "<group>";
		};
		3323DFA820874BAA004FF07E /* Chat */ = {
			isa = PBXGroup;
			children = (
				3323DFA920874BAA004FF07E /* AppDelegate.h */,
				3323DFAA20874BAA004FF07E /* AppDelegate.m */,
				335FA9172089AEAA00625333 /* SocketSingleton.h */,
				335FA9182089AEAA00625333 /* SocketSingleton.m */,
				332FAFD8208A50AF00F454C0 /* Singleton.h */,
				332FAFD9208A50AF00F454C0 /* Singleton.m */,
				337A0A102089ADB800B6B18B /* ViewController */,
				3396FB162087CBCE00FD160C /* Util */,
				3396FB132087CAEA00FD160C /* PrefixHeader.pch */,
				3323DFAF20874BAA004FF07E /* Main.storyboard */,
				3323DFB220874BAE004FF07E /* Assets.xcassets */,
				3323DFB420874BAE004FF07E /* LaunchScreen.storyboard */,
				3323DFB720874BAE004FF07E /* Info.plist */,
				3323DFB820874BAE004FF07E /* main.m */,
				3323DFDB20874CA8004FF07E /* Chat-Bridging-Header.h */,
			);
			path = Chat;
			sourceTree = "<group>";
		};
		3323DFC120874BAF004FF07E /* ChatTests */ = {
			isa = PBXGroup;
			children = (
				3323DFC220874BAF004FF07E /* ChatTests.m */,
				3323DFC420874BAF004FF07E /* Info.plist */,
			);
			path = ChatTests;
			sourceTree = "<group>";
		};
		3323DFCC20874BAF004FF07E /* ChatUITests */ = {
			isa = PBXGroup;
			children = (
				3323DFCD20874BAF004FF07E /* ChatUITests.m */,
				3323DFCF20874BAF004FF07E /* Info.plist */,
			);
			path = ChatUITests;
			sourceTree = "<group>";
		};
		337A0A102089ADB800B6B18B /* ViewController */ = {
			isa = PBXGroup;
			children = (
				333A893E208A7FDE007E8A03 /* SettingViewController.h */,
				33D702EE208AB56D00C9A441 /* LeaveMemberViewController.h */,
				33D702EF208AB56D00C9A441 /* LeaveMemberViewController.m */,
				333A893F208A7FDF007E8A03 /* SettingViewController.m */,
				337A0A0C2089AC1400B6B18B /* EntranceViewController.h */,
				337A0A0D2089AC1400B6B18B /* EntranceViewController.m */,
				335FA9162089AE6100625333 /* ViewController.h */,
				3323DFAD20874BAA004FF07E /* ViewController.m */,
				332FAFC3208A275800F454C0 /* SignUpViewController.h */,
				332FAFC4208A275800F454C0 /* SignUpViewController.m */,
			);
			path = ViewController;
			sourceTree = "<group>";
		};
		3396FB162087CBCE00FD160C /* Util */ = {
			isa = PBXGroup;
			children = (
				333A893C208A7E65007E8A03 /* SideViewController.h */,
				33D702EC208AA8C000C9A441 /* SideViewController.h */,
				333A893B208A7E64007E8A03 /* SideViewController.m */,
				33D702EB208AA8C000C9A441 /* SideViewController.m */,
				3396FB182087CBCE00FD160C /* UtilForDebug.h */,
				3396FB172087CBCE00FD160C /* UtilForDebug.m */,
				332FAFC6208A437F00F454C0 /* UIViewController+Spirent.h */,
				332FAFC7208A437F00F454C0 /* UIViewController+Spirent.m */,
				332FAFC9208A447B00F454C0 /* DefineString.h */,
			);
			path = Util;
			sourceTree = "<group>";
		};
		97D12B62D6BB01434E79EB93 /* Pods */ = {
			isa = PBXGroup;
			children = (
				365AFD3FC6D255250F5061D5 /* Pods-Chat.debug.xcconfig */,
				BE1804B7970E992C7DA1065E /* Pods-Chat.release.xcconfig */,
				D3504280D55EEA0795DDE195 /* Pods-ChatTests.debug.xcconfig */,
				28F6F768D46D383DE495CC76 /* Pods-ChatTests.release.xcconfig */,
				6BBFE3A834B9F799A8E67A1B /* Pods-ChatUITests.debug.xcconfig */,
				5502C6A53F0BB3D0584F8EBE /* Pods-ChatUITests.release.xcconfig */,
			);
			name = Pods;
			sourceTree = "<group>";
		};
/* End PBXGroup section */

/* Begin PBXNativeTarget section */
		3323DFA520874BAA004FF07E /* Chat */ = {
			isa = PBXNativeTarget;
			buildConfigurationList = 3323DFD220874BAF004FF07E /* Build configuration list for PBXNativeTarget "Chat" */;
			buildPhases = (
				90A8D1C1B3350135FF9AD314 /* [CP] Check Pods Manifest.lock */,
				3323DFA220874BAA004FF07E /* Sources */,
				3323DFA320874BAA004FF07E /* Frameworks */,
				3323DFA420874BAA004FF07E /* Resources */,
				98BA2F7D5174C67187BC2CBD /* [CP] Embed Pods Frameworks */,
			);
			buildRules = (
			);
			dependencies = (
			);
			name = Chat;
			productName = Chat;
			productReference = 3323DFA620874BAA004FF07E /* Chat.app */;
			productType = "com.apple.product-type.application";
		};
		3323DFBD20874BAF004FF07E /* ChatTests */ = {
			isa = PBXNativeTarget;
			buildConfigurationList = 3323DFD520874BAF004FF07E /* Build configuration list for PBXNativeTarget "ChatTests" */;
			buildPhases = (
				EDEAF61FF24219D0CE008DEA /* [CP] Check Pods Manifest.lock */,
				3323DFBA20874BAF004FF07E /* Sources */,
				3323DFBB20874BAF004FF07E /* Frameworks */,
				3323DFBC20874BAF004FF07E /* Resources */,
			);
			buildRules = (
			);
			dependencies = (
				3323DFC020874BAF004FF07E /* PBXTargetDependency */,
			);
			name = ChatTests;
			productName = ChatTests;
			productReference = 3323DFBE20874BAF004FF07E /* ChatTests.xctest */;
			productType = "com.apple.product-type.bundle.unit-test";
		};
		3323DFC820874BAF004FF07E /* ChatUITests */ = {
			isa = PBXNativeTarget;
			buildConfigurationList = 3323DFD820874BAF004FF07E /* Build configuration list for PBXNativeTarget "ChatUITests" */;
			buildPhases = (
				A1C624BCBC11BAB24B37F917 /* [CP] Check Pods Manifest.lock */,
				3323DFC520874BAF004FF07E /* Sources */,
				3323DFC620874BAF004FF07E /* Frameworks */,
				3323DFC720874BAF004FF07E /* Resources */,
			);
			buildRules = (
			);
			dependencies = (
				3323DFCB20874BAF004FF07E /* PBXTargetDependency */,
			);
			name = ChatUITests;
			productName = ChatUITests;
			productReference = 3323DFC920874BAF004FF07E /* ChatUITests.xctest */;
			productType = "com.apple.product-type.bundle.ui-testing";
		};
/* End PBXNativeTarget section */

/* Begin PBXProject section */
		3323DF9E20874BAA004FF07E /* Project object */ = {
			isa = PBXProject;
			attributes = {
				LastUpgradeCheck = 0930;
				ORGANIZATIONNAME = "현균 문";
				TargetAttributes = {
					3323DFA520874BAA004FF07E = {
						CreatedOnToolsVersion = 9.3;
						LastSwiftMigration = 0930;
					};
					3323DFBD20874BAF004FF07E = {
						CreatedOnToolsVersion = 9.3;
						TestTargetID = 3323DFA520874BAA004FF07E;
					};
					3323DFC820874BAF004FF07E = {
						CreatedOnToolsVersion = 9.3;
						TestTargetID = 3323DFA520874BAA004FF07E;
					};
				};
			};
			buildConfigurationList = 3323DFA120874BAA004FF07E /* Build configuration list for PBXProject "Chat" */;
			compatibilityVersion = "Xcode 9.3";
			developmentRegion = en;
			hasScannedForEncodings = 0;
			knownRegions = (
				en,
				Base,
			);
			mainGroup = 3323DF9D20874BAA004FF07E;
			productRefGroup = 3323DFA720874BAA004FF07E /* Products */;
			projectDirPath = "";
			projectRoot = "";
			targets = (
				3323DFA520874BAA004FF07E /* Chat */,
				3323DFBD20874BAF004FF07E /* ChatTests */,
				3323DFC820874BAF004FF07E /* ChatUITests */,
			);
		};
/* End PBXProject section */

/* Begin PBXResourcesBuildPhase section */
		3323DFA420874BAA004FF07E /* Resources */ = {
			isa = PBXResourcesBuildPhase;
			buildActionMask = 2147483647;
			files = (
				3323DFB620874BAE004FF07E /* LaunchScreen.storyboard in Resources */,
				3323DFB320874BAE004FF07E /* Assets.xcassets in Resources */,
				3323DFB120874BAA004FF07E /* Main.storyboard in Resources */,
			);
			runOnlyForDeploymentPostprocessing = 0;
		};
		3323DFBC20874BAF004FF07E /* Resources */ = {
			isa = PBXResourcesBuildPhase;
			buildActionMask = 2147483647;
			files = (
			);
			runOnlyForDeploymentPostprocessing = 0;
		};
		3323DFC720874BAF004FF07E /* Resources */ = {
			isa = PBXResourcesBuildPhase;
			buildActionMask = 2147483647;
			files = (
			);
			runOnlyForDeploymentPostprocessing = 0;
		};
/* End PBXResourcesBuildPhase section */

/* Begin PBXShellScriptBuildPhase section */
		90A8D1C1B3350135FF9AD314 /* [CP] Check Pods Manifest.lock */ = {
			isa = PBXShellScriptBuildPhase;
			buildActionMask = 2147483647;
			files = (
			);
			inputPaths = (
				"${PODS_PODFILE_DIR_PATH}/Podfile.lock",
				"${PODS_ROOT}/Manifest.lock",
			);
			name = "[CP] Check Pods Manifest.lock";
			outputPaths = (
				"$(DERIVED_FILE_DIR)/Pods-Chat-checkManifestLockResult.txt",
			);
			runOnlyForDeploymentPostprocessing = 0;
			shellPath = /bin/sh;
			shellScript = "diff \"${PODS_PODFILE_DIR_PATH}/Podfile.lock\" \"${PODS_ROOT}/Manifest.lock\" > /dev/null\nif [ $? != 0 ] ; then\n    # print error to STDERR\n    echo \"error: The sandbox is not in sync with the Podfile.lock. Run 'pod install' or update your CocoaPods installation.\" >&2\n    exit 1\nfi\n# This output is used by Xcode 'outputs' to avoid re-running this script phase.\necho \"SUCCESS\" > \"${SCRIPT_OUTPUT_FILE_0}\"\n";
			showEnvVarsInLog = 0;
		};
		98BA2F7D5174C67187BC2CBD /* [CP] Embed Pods Frameworks */ = {
			isa = PBXShellScriptBuildPhase;
			buildActionMask = 2147483647;
			files = (
			);
			inputPaths = (
				"${SRCROOT}/Pods/Target Support Files/Pods-Chat/Pods-Chat-frameworks.sh",
				"${BUILT_PRODUCTS_DIR}/CocoaAsyncSocket/CocoaAsyncSocket.framework",
				"${BUILT_PRODUCTS_DIR}/Toast/Toast.framework",
			);
			name = "[CP] Embed Pods Frameworks";
			outputPaths = (
				"${TARGET_BUILD_DIR}/${FRAMEWORKS_FOLDER_PATH}/CocoaAsyncSocket.framework",
				"${TARGET_BUILD_DIR}/${FRAMEWORKS_FOLDER_PATH}/Toast.framework",
			);
			runOnlyForDeploymentPostprocessing = 0;
			shellPath = /bin/sh;
			shellScript = "\"${SRCROOT}/Pods/Target Support Files/Pods-Chat/Pods-Chat-frameworks.sh\"\n";
			showEnvVarsInLog = 0;
		};
		A1C624BCBC11BAB24B37F917 /* [CP] Check Pods Manifest.lock */ = {
			isa = PBXShellScriptBuildPhase;
			buildActionMask = 2147483647;
			files = (
			);
			inputPaths = (
				"${PODS_PODFILE_DIR_PATH}/Podfile.lock",
				"${PODS_ROOT}/Manifest.lock",
			);
			name = "[CP] Check Pods Manifest.lock";
			outputPaths = (
				"$(DERIVED_FILE_DIR)/Pods-ChatUITests-checkManifestLockResult.txt",
			);
			runOnlyForDeploymentPostprocessing = 0;
			shellPath = /bin/sh;
			shellScript = "diff \"${PODS_PODFILE_DIR_PATH}/Podfile.lock\" \"${PODS_ROOT}/Manifest.lock\" > /dev/null\nif [ $? != 0 ] ; then\n    # print error to STDERR\n    echo \"error: The sandbox is not in sync with the Podfile.lock. Run 'pod install' or update your CocoaPods installation.\" >&2\n    exit 1\nfi\n# This output is used by Xcode 'outputs' to avoid re-running this script phase.\necho \"SUCCESS\" > \"${SCRIPT_OUTPUT_FILE_0}\"\n";
			showEnvVarsInLog = 0;
		};
		EDEAF61FF24219D0CE008DEA /* [CP] Check Pods Manifest.lock */ = {
			isa = PBXShellScriptBuildPhase;
			buildActionMask = 2147483647;
			files = (
			);
			inputPaths = (
				"${PODS_PODFILE_DIR_PATH}/Podfile.lock",
				"${PODS_ROOT}/Manifest.lock",
			);
			name = "[CP] Check Pods Manifest.lock";
			outputPaths = (
				"$(DERIVED_FILE_DIR)/Pods-ChatTests-checkManifestLockResult.txt",
			);
			runOnlyForDeploymentPostprocessing = 0;
			shellPath = /bin/sh;
			shellScript = "diff \"${PODS_PODFILE_DIR_PATH}/Podfile.lock\" \"${PODS_ROOT}/Manifest.lock\" > /dev/null\nif [ $? != 0 ] ; then\n    # print error to STDERR\n    echo \"error: The sandbox is not in sync with the Podfile.lock. Run 'pod install' or update your CocoaPods installation.\" >&2\n    exit 1\nfi\n# This output is used by Xcode 'outputs' to avoid re-running this script phase.\necho \"SUCCESS\" > \"${SCRIPT_OUTPUT_FILE_0}\"\n";
			showEnvVarsInLog = 0;
		};
/* End PBXShellScriptBuildPhase section */

/* Begin PBXSourcesBuildPhase section */
		3323DFA220874BAA004FF07E /* Sources */ = {
			isa = PBXSourcesBuildPhase;
			buildActionMask = 2147483647;
			files = (
				3323DFAE20874BAA004FF07E /* ViewController.m in Sources */,
				3396FB192087CBCE00FD160C /* UtilForDebug.m in Sources */,
				33D702F0208AB56D00C9A441 /* LeaveMemberViewController.m in Sources */,
				332FAFC8208A437F00F454C0 /* UIViewController+Spirent.m in Sources */,
				335FA9192089AEAA00625333 /* SocketSingleton.m in Sources */,
				3323DFB920874BAE004FF07E /* main.m in Sources */,
				333A893D208A7E65007E8A03 /* SideViewController.m in Sources */,
				3323DFAB20874BAA004FF07E /* AppDelegate.m in Sources */,
				332FAFC5208A275800F454C0 /* SignUpViewController.m in Sources */,
				332FAFDA208A50AF00F454C0 /* Singleton.m in Sources */,
				333A8940208A7FDF007E8A03 /* SettingViewController.m in Sources */,
				337A0A0E2089AC1400B6B18B /* EntranceViewController.m in Sources */,
			);
			runOnlyForDeploymentPostprocessing = 0;
		};
		3323DFBA20874BAF004FF07E /* Sources */ = {
			isa = PBXSourcesBuildPhase;
			buildActionMask = 2147483647;
			files = (
				3323DFC320874BAF004FF07E /* ChatTests.m in Sources */,
			);
			runOnlyForDeploymentPostprocessing = 0;
		};
		3323DFC520874BAF004FF07E /* Sources */ = {
			isa = PBXSourcesBuildPhase;
			buildActionMask = 2147483647;
			files = (
				3323DFCE20874BAF004FF07E /* ChatUITests.m in Sources */,
			);
			runOnlyForDeploymentPostprocessing = 0;
		};
/* End PBXSourcesBuildPhase section */

/* Begin PBXTargetDependency section */
		3323DFC020874BAF004FF07E /* PBXTargetDependency */ = {
			isa = PBXTargetDependency;
			target = 3323DFA520874BAA004FF07E /* Chat */;
			targetProxy = 3323DFBF20874BAF004FF07E /* PBXContainerItemProxy */;
		};
		3323DFCB20874BAF004FF07E /* PBXTargetDependency */ = {
			isa = PBXTargetDependency;
			target = 3323DFA520874BAA004FF07E /* Chat */;
			targetProxy = 3323DFCA20874BAF004FF07E /* PBXContainerItemProxy */;
		};
/* End PBXTargetDependency section */

/* Begin PBXVariantGroup section */
		3323DFAF20874BAA004FF07E /* Main.storyboard */ = {
			isa = PBXVariantGroup;
			children = (
				3323DFB020874BAA004FF07E /* Base */,
			);
			name = Main.storyboard;
			sourceTree = "<group>";
		};
		3323DFB420874BAE004FF07E /* LaunchScreen.storyboard */ = {
			isa = PBXVariantGroup;
			children = (
				3323DFB520874BAE004FF07E /* Base */,
			);
			name = LaunchScreen.storyboard;
			sourceTree = "<group>";
		};
/* End PBXVariantGroup section */

/* Begin XCBuildConfiguration section */
		3323DFD020874BAF004FF07E /* Debug */ = {
			isa = XCBuildConfiguration;
			buildSettings = {
				ALWAYS_SEARCH_USER_PATHS = NO;
				CLANG_ANALYZER_NONNULL = YES;
				CLANG_ANALYZER_NUMBER_OBJECT_CONVERSION = YES_AGGRESSIVE;
				CLANG_CXX_LANGUAGE_STANDARD = "gnu++14";
				CLANG_CXX_LIBRARY = "libc++";
				CLANG_ENABLE_MODULES = YES;
				CLANG_ENABLE_OBJC_ARC = YES;
				CLANG_ENABLE_OBJC_WEAK = YES;
				CLANG_WARN_BLOCK_CAPTURE_AUTORELEASING = YES;
				CLANG_WARN_BOOL_CONVERSION = YES;
				CLANG_WARN_COMMA = YES;
				CLANG_WARN_CONSTANT_CONVERSION = YES;
				CLANG_WARN_DEPRECATED_OBJC_IMPLEMENTATIONS = YES;
				CLANG_WARN_DIRECT_OBJC_ISA_USAGE = YES_ERROR;
				CLANG_WARN_DOCUMENTATION_COMMENTS = YES;
				CLANG_WARN_EMPTY_BODY = YES;
				CLANG_WARN_ENUM_CONVERSION = YES;
				CLANG_WARN_INFINITE_RECURSION = YES;
				CLANG_WARN_INT_CONVERSION = YES;
				CLANG_WARN_NON_LITERAL_NULL_CONVERSION = YES;
				CLANG_WARN_OBJC_IMPLICIT_RETAIN_SELF = YES;
				CLANG_WARN_OBJC_LITERAL_CONVERSION = YES;
				CLANG_WARN_OBJC_ROOT_CLASS = YES_ERROR;
				CLANG_WARN_RANGE_LOOP_ANALYSIS = YES;
				CLANG_WARN_STRICT_PROTOTYPES = YES;
				CLANG_WARN_SUSPICIOUS_MOVE = YES;
				CLANG_WARN_UNGUARDED_AVAILABILITY = YES_AGGRESSIVE;
				CLANG_WARN_UNREACHABLE_CODE = YES;
				CLANG_WARN__DUPLICATE_METHOD_MATCH = YES;
				CODE_SIGN_IDENTITY = "iPhone Developer";
				COPY_PHASE_STRIP = NO;
				DEBUG_INFORMATION_FORMAT = dwarf;
				ENABLE_STRICT_OBJC_MSGSEND = YES;
				ENABLE_TESTABILITY = YES;
				GCC_C_LANGUAGE_STANDARD = gnu11;
				GCC_DYNAMIC_NO_PIC = NO;
				GCC_NO_COMMON_BLOCKS = YES;
				GCC_OPTIMIZATION_LEVEL = 0;
				GCC_PREPROCESSOR_DEFINITIONS = (
					"DEBUG=1",
					"$(inherited)",
				);
				GCC_WARN_64_TO_32_BIT_CONVERSION = YES;
				GCC_WARN_ABOUT_RETURN_TYPE = YES_ERROR;
				GCC_WARN_UNDECLARED_SELECTOR = YES;
				GCC_WARN_UNINITIALIZED_AUTOS = YES_AGGRESSIVE;
				GCC_WARN_UNUSED_FUNCTION = YES;
				GCC_WARN_UNUSED_VARIABLE = YES;
				IPHONEOS_DEPLOYMENT_TARGET = 11.3;
				MTL_ENABLE_DEBUG_INFO = YES;
				ONLY_ACTIVE_ARCH = YES;
				SDKROOT = iphoneos;
			};
			name = Debug;
		};
		3323DFD120874BAF004FF07E /* Release */ = {
			isa = XCBuildConfiguration;
			buildSettings = {
				ALWAYS_SEARCH_USER_PATHS = NO;
				CLANG_ANALYZER_NONNULL = YES;
				CLANG_ANALYZER_NUMBER_OBJECT_CONVERSION = YES_AGGRESSIVE;
				CLANG_CXX_LANGUAGE_STANDARD = "gnu++14";
				CLANG_CXX_LIBRARY = "libc++";
				CLANG_ENABLE_MODULES = YES;
				CLANG_ENABLE_OBJC_ARC = YES;
				CLANG_ENABLE_OBJC_WEAK = YES;
				CLANG_WARN_BLOCK_CAPTURE_AUTORELEASING = YES;
				CLANG_WARN_BOOL_CONVERSION = YES;
				CLANG_WARN_COMMA = YES;
				CLANG_WARN_CONSTANT_CONVERSION = YES;
				CLANG_WARN_DEPRECATED_OBJC_IMPLEMENTATIONS = YES;
				CLANG_WARN_DIRECT_OBJC_ISA_USAGE = YES_ERROR;
				CLANG_WARN_DOCUMENTATION_COMMENTS = YES;
				CLANG_WARN_EMPTY_BODY = YES;
				CLANG_WARN_ENUM_CONVERSION = YES;
				CLANG_WARN_INFINITE_RECURSION = YES;
				CLANG_WARN_INT_CONVERSION = YES;
				CLANG_WARN_NON_LITERAL_NULL_CONVERSION = YES;
				CLANG_WARN_OBJC_IMPLICIT_RETAIN_SELF = YES;
				CLANG_WARN_OBJC_LITERAL_CONVERSION = YES;
				CLANG_WARN_OBJC_ROOT_CLASS = YES_ERROR;
				CLANG_WARN_RANGE_LOOP_ANALYSIS = YES;
				CLANG_WARN_STRICT_PROTOTYPES = YES;
				CLANG_WARN_SUSPICIOUS_MOVE = YES;
				CLANG_WARN_UNGUARDED_AVAILABILITY = YES_AGGRESSIVE;
				CLANG_WARN_UNREACHABLE_CODE = YES;
				CLANG_WARN__DUPLICATE_METHOD_MATCH = YES;
				CODE_SIGN_IDENTITY = "iPhone Developer";
				COPY_PHASE_STRIP = NO;
				DEBUG_INFORMATION_FORMAT = "dwarf-with-dsym";
				ENABLE_NS_ASSERTIONS = NO;
				ENABLE_STRICT_OBJC_MSGSEND = YES;
				GCC_C_LANGUAGE_STANDARD = gnu11;
				GCC_NO_COMMON_BLOCKS = YES;
				GCC_WARN_64_TO_32_BIT_CONVERSION = YES;
				GCC_WARN_ABOUT_RETURN_TYPE = YES_ERROR;
				GCC_WARN_UNDECLARED_SELECTOR = YES;
				GCC_WARN_UNINITIALIZED_AUTOS = YES_AGGRESSIVE;
				GCC_WARN_UNUSED_FUNCTION = YES;
				GCC_WARN_UNUSED_VARIABLE = YES;
				IPHONEOS_DEPLOYMENT_TARGET = 11.3;
				MTL_ENABLE_DEBUG_INFO = NO;
				SDKROOT = iphoneos;
				VALIDATE_PRODUCT = YES;
			};
			name = Release;
		};
		3323DFD320874BAF004FF07E /* Debug */ = {
			isa = XCBuildConfiguration;
			baseConfigurationReference = 365AFD3FC6D255250F5061D5 /* Pods-Chat.debug.xcconfig */;
			buildSettings = {
				ASSETCATALOG_COMPILER_APPICON_NAME = AppIcon;
				CLANG_ENABLE_MODULES = YES;
				CODE_SIGN_STYLE = Automatic;
				DEVELOPMENT_TEAM = 8KPH929VA4;
				GCC_PREFIX_HEADER = "$(SRCROOT)/Chat/PrefixHeader.pch";
				HEADER_SEARCH_PATHS = "${PODS_ROOT}/**";
				INFOPLIST_FILE = Chat/Info.plist;
				IPHONEOS_DEPLOYMENT_TARGET = 9.0;
				LD_RUNPATH_SEARCH_PATHS = (
					"$(inherited)",
					"@executable_path/Frameworks",
					"${PODS_ROOT}/**",
				);
				PRODUCT_BUNDLE_IDENTIFIER = com.hg.Chat;
				PRODUCT_NAME = "$(TARGET_NAME)";
				SWIFT_OBJC_BRIDGING_HEADER = "Chat/Chat-Bridging-Header.h";
				SWIFT_OPTIMIZATION_LEVEL = "-Onone";
				SWIFT_VERSION = 3.0;
				TARGETED_DEVICE_FAMILY = "1,2";
			};
			name = Debug;
		};
		3323DFD420874BAF004FF07E /* Release */ = {
			isa = XCBuildConfiguration;
			baseConfigurationReference = BE1804B7970E992C7DA1065E /* Pods-Chat.release.xcconfig */;
			buildSettings = {
				ASSETCATALOG_COMPILER_APPICON_NAME = AppIcon;
				CLANG_ENABLE_MODULES = YES;
				CODE_SIGN_STYLE = Automatic;
				DEVELOPMENT_TEAM = 8KPH929VA4;
				GCC_PREFIX_HEADER = "$(SRCROOT)/Chat/PrefixHeader.pch";
				HEADER_SEARCH_PATHS = "${PODS_ROOT}/**";
				INFOPLIST_FILE = Chat/Info.plist;
				IPHONEOS_DEPLOYMENT_TARGET = 9.0;
				LD_RUNPATH_SEARCH_PATHS = (
					"$(inherited)",
					"@executable_path/Frameworks",
					"${PODS_ROOT}/**",
				);
				PRODUCT_BUNDLE_IDENTIFIER = com.hg.Chat;
				PRODUCT_NAME = "$(TARGET_NAME)";
				SWIFT_OBJC_BRIDGING_HEADER = "Chat/Chat-Bridging-Header.h";
				SWIFT_VERSION = 3.0;
				TARGETED_DEVICE_FAMILY = "1,2";
			};
			name = Release;
		};
		3323DFD620874BAF004FF07E /* Debug */ = {
			isa = XCBuildConfiguration;
			baseConfigurationReference = D3504280D55EEA0795DDE195 /* Pods-ChatTests.debug.xcconfig */;
			buildSettings = {
				BUNDLE_LOADER = "$(TEST_HOST)";
				CODE_SIGN_STYLE = Automatic;
				INFOPLIST_FILE = ChatTests/Info.plist;
				LD_RUNPATH_SEARCH_PATHS = (
					"$(inherited)",
					"@executable_path/Frameworks",
					"@loader_path/Frameworks",
				);
				PRODUCT_BUNDLE_IDENTIFIER = com.test.ChatTests;
				PRODUCT_NAME = "$(TARGET_NAME)";
				TARGETED_DEVICE_FAMILY = "1,2";
				TEST_HOST = "$(BUILT_PRODUCTS_DIR)/Chat.app/Chat";
			};
			name = Debug;
		};
		3323DFD720874BAF004FF07E /* Release */ = {
			isa = XCBuildConfiguration;
			baseConfigurationReference = 28F6F768D46D383DE495CC76 /* Pods-ChatTests.release.xcconfig */;
			buildSettings = {
				BUNDLE_LOADER = "$(TEST_HOST)";
				CODE_SIGN_STYLE = Automatic;
				INFOPLIST_FILE = ChatTests/Info.plist;
				LD_RUNPATH_SEARCH_PATHS = (
					"$(inherited)",
					"@executable_path/Frameworks",
					"@loader_path/Frameworks",
				);
				PRODUCT_BUNDLE_IDENTIFIER = com.test.ChatTests;
				PRODUCT_NAME = "$(TARGET_NAME)";
				TARGETED_DEVICE_FAMILY = "1,2";
				TEST_HOST = "$(BUILT_PRODUCTS_DIR)/Chat.app/Chat";
			};
			name = Release;
		};
		3323DFD920874BAF004FF07E /* Debug */ = {
			isa = XCBuildConfiguration;
			baseConfigurationReference = 6BBFE3A834B9F799A8E67A1B /* Pods-ChatUITests.debug.xcconfig */;
			buildSettings = {
				CODE_SIGN_STYLE = Automatic;
				INFOPLIST_FILE = ChatUITests/Info.plist;
				LD_RUNPATH_SEARCH_PATHS = (
					"$(inherited)",
					"@executable_path/Frameworks",
					"@loader_path/Frameworks",
				);
				PRODUCT_BUNDLE_IDENTIFIER = com.test.ChatUITests;
				PRODUCT_NAME = "$(TARGET_NAME)";
				TARGETED_DEVICE_FAMILY = "1,2";
				TEST_TARGET_NAME = Chat;
			};
			name = Debug;
		};
		3323DFDA20874BAF004FF07E /* Release */ = {
			isa = XCBuildConfiguration;
			baseConfigurationReference = 5502C6A53F0BB3D0584F8EBE /* Pods-ChatUITests.release.xcconfig */;
			buildSettings = {
				CODE_SIGN_STYLE = Automatic;
				INFOPLIST_FILE = ChatUITests/Info.plist;
				LD_RUNPATH_SEARCH_PATHS = (
					"$(inherited)",
					"@executable_path/Frameworks",
					"@loader_path/Frameworks",
				);
				PRODUCT_BUNDLE_IDENTIFIER = com.test.ChatUITests;
				PRODUCT_NAME = "$(TARGET_NAME)";
				TARGETED_DEVICE_FAMILY = "1,2";
				TEST_TARGET_NAME = Chat;
			};
			name = Release;
		};
/* End XCBuildConfiguration section */

/* Begin XCConfigurationList section */
		3323DFA120874BAA004FF07E /* Build configuration list for PBXProject "Chat" */ = {
			isa = XCConfigurationList;
			buildConfigurations = (
				3323DFD020874BAF004FF07E /* Debug */,
				3323DFD120874BAF004FF07E /* Release */,
			);
			defaultConfigurationIsVisible = 0;
			defaultConfigurationName = Release;
		};
		3323DFD220874BAF004FF07E /* Build configuration list for PBXNativeTarget "Chat" */ = {
			isa = XCConfigurationList;
			buildConfigurations = (
				3323DFD320874BAF004FF07E /* Debug */,
				3323DFD420874BAF004FF07E /* Release */,
			);
			defaultConfigurationIsVisible = 0;
			defaultConfigurationName = Release;
		};
		3323DFD520874BAF004FF07E /* Build configuration list for PBXNativeTarget "ChatTests" */ = {
			isa = XCConfigurationList;
			buildConfigurations = (
				3323DFD620874BAF004FF07E /* Debug */,
				3323DFD720874BAF004FF07E /* Release */,
			);
			defaultConfigurationIsVisible = 0;
			defaultConfigurationName = Release;
		};
		3323DFD820874BAF004FF07E /* Build configuration list for PBXNativeTarget "ChatUITests" */ = {
			isa = XCConfigurationList;
			buildConfigurations = (
				3323DFD920874BAF004FF07E /* Debug */,
				3323DFDA20874BAF004FF07E /* Release */,
			);
			defaultConfigurationIsVisible = 0;
			defaultConfigurationName = Release;
		};
/* End XCConfigurationList section */
	};
	rootObject = 3323DF9E20874BAA004FF07E /* Project object */;
}
